
Microsoft Visual Studio Solution File, Format Version 12.00
# Visual Studio Version 17
VisualStudioVersion = 17.1.32319.34
MinimumVisualStudioVersion = 10.0.40219.1
Project("{FAE04EC0-301F-11D3-BF4B-00C04F79EFBC}") = "OOPS", "OOPS.csproj", "{C53BDA43-17A7-4EF8-A96D-22B4D122100D}"
EndProject
Global
	GlobalSection(SolutionConfigurationPlatforms) = preSolution
		Debug|Any CPU = Debug|Any CPU
		Release|Any CPU = Release|Any CPU
	EndGlobalSection
	GlobalSection(ProjectConfigurationPlatforms) = postSolution
		{C53BDA43-17A7-4EF8-A96D-22B4D122100D}.Debug|Any CPU.ActiveCfg = Debug|Any CPU
		{C53BDA43-17A7-4EF8-A96D-22B4D122100D}.Debug|Any CPU.Build.0 = Debug|Any CPU
		{C53BDA43-17A7-4EF8-A96D-22B4D122100D}.Release|Any CPU.ActiveCfg = Release|Any CPU
		{C53BDA43-17A7-4EF8-A96D-22B4D122100D}.Release|Any CPU.Build.0 = Release|Any CPU
	EndGlobalSection
	GlobalSection(SolutionProperties) = preSolution
		HideSolutionNode = FALSE
	EndGlobalSection
	GlobalSection(ExtensibilityGlobals) = postSolution
		SolutionGuid = {18E69887-69FE-4D7B-9FFC-4107CC732A68}
	EndGlobalSection
EndGlobal
